
Microsoft Visual Studio Solution File, Format Version 12.00
# Visual Studio Version 17
VisualStudioVersion = 17.4.33213.308
MinimumVisualStudioVersion = 10.0.40219.1
Project("{FAE04EC0-301F-11D3-BF4B-00C04F79EFBC}") = "gestor-de-estudantes", "gestor-de-estudantes\gestor-de-estudantes.csproj", "{26AD0781-4185-4DBF-A9C8-B958C34F0444}"
EndProject
Global
	GlobalSection(SolutionConfigurationPlatforms) = preSolution
		Debug|Any CPU = Debug|Any CPU
		Release|Any CPU = Release|Any CPU
	EndGlobalSection
	GlobalSection(ProjectConfigurationPlatforms) = postSolution
		{26AD0781-4185-4DBF-A9C8-B958C34F0444}.Debug|Any CPU.ActiveCfg = Debug|Any CPU
		{26AD0781-4185-4DBF-A9C8-B958C34F0444}.Debug|Any CPU.Build.0 = Debug|Any CPU
		{26AD0781-4185-4DBF-A9C8-B958C34F0444}.Release|Any CPU.ActiveCfg = Release|Any CPU
		{26AD0781-4185-4DBF-A9C8-B958C34F0444}.Release|Any CPU.Build.0 = Release|Any CPU
	EndGlobalSection
	GlobalSection(SolutionProperties) = preSolution
		HideSolutionNode = FALSE
	EndGlobalSection
	GlobalSection(ExtensibilityGlobals) = postSolution
		SolutionGuid = {B91AB39D-25A1-4802-A632-EDE34F79348F}
	EndGlobalSection
EndGlobal
